{
  "name": "myfirstwebserver",
  "version": "1.0.0",
  "lockfileVersion": 1,
  "requires": true,
  "dependencies": {
    "colors": {
      "version": "1.1.2",
      "resolved": "https://registry.npmjs.org/colors/-/colors-1.1.2.tgz",
      "integrity": "sha1-FopHAXVran9RoSzgyXv6KMCE7WM="
    },
    "one-liner-joke": {
      "version": "1.0.0",
      "resolved": "https://registry.npmjs.org/one-liner-joke/-/one-liner-joke-1.0.0.tgz",
      "integrity": "sha1-9gp2moZxP6Z/mTgCsPa/3vEJnng="
    }
  }
}
